<?xml version="1.0" encoding="utf-8"?>
<Project ToolsVersion="4.0" xmlns="http://schemas.microsoft.com/developer/msbuild/2003">
  <ItemGroup>
    <FxCompile Include="particle_shader.hlsl">
      <Filter>Shaders</Filter>
    </FxCompile>
    <FxCompile Include="shaders.hlsl">
      <Filter>Shaders</Filter>
    </FxCompile>
    <FxCompile Include="sky_shader.hlsl">
      <Filter>Shaders</Filter>
    </FxCompile>
    <FxCompile Include="reflect_shader.hlsl">
      <Filter>Shaders</Filter>
    </FxCompile>
    <FxCompile Include="model_shader.hlsl">
      <Filter>Shaders</Filter>
    </FxCompile>
    <FxCompile Include="text2D_shaders.hlsl">
      <Filter>Shaders</Filter>
    </FxCompile>
  </ItemGroup>
  <ItemGroup>
    <ClCompile Include="main.cpp" />
    <ClCompile Include="Actor.cpp">
      <Filter>Components</Filter>
    </ClCompile>
    <ClCompile Include="Player.cpp">
      <Filter>Components</Filter>
    </ClCompile>
    <ClCompile Include="CameraControl.cpp">
      <Filter>Components</Filter>
    </ClCompile>
    <ClCompile Include="Camera.cpp">
      <Filter>Engine</Filter>
    </ClCompile>
    <ClCompile Include="Component.cpp">
      <Filter>Engine</Filter>
    </ClCompile>
    <ClCompile Include="InputManager.cpp">
      <Filter>Engine</Filter>
    </ClCompile>
    <ClCompile Include="objfilemodel.cpp">
      <Filter>Engine</Filter>
    </ClCompile>
    <ClCompile Include="ParticleGenerator.cpp">
      <Filter>Engine</Filter>
    </ClCompile>
    <ClCompile Include="text2D.cpp">
      <Filter>Engine</Filter>
    </ClCompile>
    <ClCompile Include="Enemy.cpp">
      <Filter>Components</Filter>
    </ClCompile>
    <ClCompile Include="Model.cpp">
      <Filter>Engine</Filter>
    </ClCompile>
    <ClCompile Include="SceneNode.cpp">
      <Filter>Engine</Filter>
    </ClCompile>
    <ClCompile Include="UIManager.cpp">
      <Filter>Components</Filter>
    </ClCompile>
    <ClCompile Include="Vector3.cpp">
      <Filter>Engine</Filter>
    </ClCompile>
    <ClCompile Include="Skybox.cpp">
      <Filter>Engine</Filter>
    </ClCompile>
    <ClCompile Include="Pickup.cpp">
      <Filter>Components</Filter>
    </ClCompile>
    <ClCompile Include="Time.cpp">
      <Filter>Engine</Filter>
    </ClCompile>
    <ClCompile Include="Maths.cpp">
      <Filter>Engine</Filter>
    </ClCompile>
    <ClCompile Include="LevelCube.cpp">
      <Filter>Components</Filter>
    </ClCompile>
    <ClCompile Include="Level.cpp">
      <Filter>Engine</Filter>
    </ClCompile>
    <ClCompile Include="MovingPlatform.cpp">
      <Filter>Components</Filter>
    </ClCompile>
    <ClCompile Include="Particles.cpp">
      <Filter>Components</Filter>
    </ClCompile>
  </ItemGroup>
  <ItemGroup>
    <ClInclude Include="Actor.h">
      <Filter>Components</Filter>
    </ClInclude>
    <ClInclude Include="Player.h">
      <Filter>Components</Filter>
    </ClInclude>
    <ClInclude Include="CameraControl.h">
      <Filter>Components</Filter>
    </ClInclude>
    <ClInclude Include="Camera.h">
      <Filter>Engine</Filter>
    </ClInclude>
    <ClInclude Include="Component.h">
      <Filter>Engine</Filter>
    </ClInclude>
    <ClInclude Include="InputManager.h">
      <Filter>Engine</Filter>
    </ClInclude>
    <ClInclude Include="Model.h">
      <Filter>Engine</Filter>
    </ClInclude>
    <ClInclude Include="objfilemodel.h">
      <Filter>Engine</Filter>
    </ClInclude>
    <ClInclude Include="ParticleGenerator.h">
      <Filter>Engine</Filter>
    </ClInclude>
    <ClInclude Include="text2D.h">
      <Filter>Engine</Filter>
    </ClInclude>
    <ClInclude Include="Enemy.h">
      <Filter>Components</Filter>
    </ClInclude>
    <ClInclude Include="SceneNode.h">
      <Filter>Engine</Filter>
    </ClInclude>
    <ClInclude Include="UIManager.h">
      <Filter>Components</Filter>
    </ClInclude>
    <ClInclude Include="Vector3.h">
      <Filter>Engine</Filter>
    </ClInclude>
    <ClInclude Include="Skybox.h">
      <Filter>Engine</Filter>
    </ClInclude>
    <ClInclude Include="Pickup.h">
      <Filter>Components</Filter>
    </ClInclude>
    <ClInclude Include="Time.h">
      <Filter>Engine</Filter>
    </ClInclude>
    <ClInclude Include="Maths.h">
      <Filter>Engine</Filter>
    </ClInclude>
    <ClInclude Include="LevelCube.h">
      <Filter>Components</Filter>
    </ClInclude>
    <ClInclude Include="Level.h">
      <Filter>Engine</Filter>
    </ClInclude>
    <ClInclude Include="MovingPlatform.h">
      <Filter>Components</Filter>
    </ClInclude>
    <ClInclude Include="Particles.h">
      <Filter>Components</Filter>
    </ClInclude>
  </ItemGroup>
  <ItemGroup>
    <Filter Include="Shaders">
      <UniqueIdentifier>{fbf36a4f-f427-4fa3-8fd6-b29e08dac337}</UniqueIdentifier>
    </Filter>
    <Filter Include="Components">
      <UniqueIdentifier>{bf994bf4-6d71-4850-b874-22da7997ae5d}</UniqueIdentifier>
    </Filter>
    <Filter Include="Engine">
      <UniqueIdentifier>{9565f92b-fbb5-47be-a343-bb4af6fc5484}</UniqueIdentifier>
    </Filter>
  </ItemGroup>
</Project>